
Microsoft Visual Studio Solution File, Format Version 12.00
# Visual Studio 15
VisualStudioVersion = 15.0.26124.0
MinimumVisualStudioVersion = 15.0.26124.0
Project("{FAE04EC0-301F-11D3-BF4B-00C04F79EFBC}") = "Wilf.DAL", "Wilf.DAL\Wilf.DAL.csproj", "{D5BDA832-39EE-4094-A652-99F70EE80510}"
EndProject
Project("{FAE04EC0-301F-11D3-BF4B-00C04F79EFBC}") = "Wilf.Entities", "Wilf.Entities\Wilf.Entities.csproj", "{B3787530-02EC-42E1-B99A-902AF3715C05}"
EndProject
Project("{FAE04EC0-301F-11D3-BF4B-00C04F79EFBC}") = "Wilf.Persistence", "Wilf.Persistence\Wilf.Persistence.csproj", "{964B9D55-B832-491F-BAF9-4602338FD625}"
EndProject
Project("{FAE04EC0-301F-11D3-BF4B-00C04F79EFBC}") = "Wilf.UI", "Wilf.UI\Wilf.UI.csproj", "{FC13DB30-37B5-4BB2-BE27-840B5596D490}"
EndProject
Project("{FAE04EC0-301F-11D3-BF4B-00C04F79EFBC}") = "Wilf.Config", "Wilf.Config\Wilf.Config.csproj", "{987C40F1-2188-4655-A027-496DCAFBF728}"
EndProject
Project("{FAE04EC0-301F-11D3-BF4B-00C04F79EFBC}") = "Wilf.Facade", "Wilf.Facade\Wilf.Facade.csproj", "{7F7F157B-70BC-47BE-A897-61E99CAD1710}"
EndProject
Global
	GlobalSection(SolutionConfigurationPlatforms) = preSolution
		Debug|Any CPU = Debug|Any CPU
		Debug|x64 = Debug|x64
		Debug|x86 = Debug|x86
		Release|Any CPU = Release|Any CPU
		Release|x64 = Release|x64
		Release|x86 = Release|x86
	EndGlobalSection
	GlobalSection(SolutionProperties) = preSolution
		HideSolutionNode = FALSE
	EndGlobalSection
	GlobalSection(ProjectConfigurationPlatforms) = postSolution
		{D5BDA832-39EE-4094-A652-99F70EE80510}.Debug|Any CPU.ActiveCfg = Debug|Any CPU
		{D5BDA832-39EE-4094-A652-99F70EE80510}.Debug|Any CPU.Build.0 = Debug|Any CPU
		{D5BDA832-39EE-4094-A652-99F70EE80510}.Release|Any CPU.ActiveCfg = Release|Any CPU
		{D5BDA832-39EE-4094-A652-99F70EE80510}.Release|Any CPU.Build.0 = Release|Any CPU
		{B3787530-02EC-42E1-B99A-902AF3715C05}.Debug|Any CPU.ActiveCfg = Debug|Any CPU
		{B3787530-02EC-42E1-B99A-902AF3715C05}.Debug|Any CPU.Build.0 = Debug|Any CPU
		{B3787530-02EC-42E1-B99A-902AF3715C05}.Release|Any CPU.ActiveCfg = Release|Any CPU
		{B3787530-02EC-42E1-B99A-902AF3715C05}.Release|Any CPU.Build.0 = Release|Any CPU
		{964B9D55-B832-491F-BAF9-4602338FD625}.Debug|Any CPU.ActiveCfg = Debug|Any CPU
		{964B9D55-B832-491F-BAF9-4602338FD625}.Debug|Any CPU.Build.0 = Debug|Any CPU
		{964B9D55-B832-491F-BAF9-4602338FD625}.Release|Any CPU.ActiveCfg = Release|Any CPU
		{964B9D55-B832-491F-BAF9-4602338FD625}.Release|Any CPU.Build.0 = Release|Any CPU
		{FC13DB30-37B5-4BB2-BE27-840B5596D490}.Debug|Any CPU.ActiveCfg = Debug|Any CPU
		{FC13DB30-37B5-4BB2-BE27-840B5596D490}.Debug|Any CPU.Build.0 = Debug|Any CPU
		{FC13DB30-37B5-4BB2-BE27-840B5596D490}.Release|Any CPU.ActiveCfg = Release|Any CPU
		{FC13DB30-37B5-4BB2-BE27-840B5596D490}.Release|Any CPU.Build.0 = Release|Any CPU
		{987C40F1-2188-4655-A027-496DCAFBF728}.Debug|Any CPU.ActiveCfg = Debug|Any CPU
		{987C40F1-2188-4655-A027-496DCAFBF728}.Debug|Any CPU.Build.0 = Debug|Any CPU
		{987C40F1-2188-4655-A027-496DCAFBF728}.Debug|x64.ActiveCfg = Debug|x64
		{987C40F1-2188-4655-A027-496DCAFBF728}.Debug|x64.Build.0 = Debug|x64
		{987C40F1-2188-4655-A027-496DCAFBF728}.Debug|x86.ActiveCfg = Debug|x86
		{987C40F1-2188-4655-A027-496DCAFBF728}.Debug|x86.Build.0 = Debug|x86
		{987C40F1-2188-4655-A027-496DCAFBF728}.Release|Any CPU.ActiveCfg = Release|Any CPU
		{987C40F1-2188-4655-A027-496DCAFBF728}.Release|Any CPU.Build.0 = Release|Any CPU
		{987C40F1-2188-4655-A027-496DCAFBF728}.Release|x64.ActiveCfg = Release|x64
		{987C40F1-2188-4655-A027-496DCAFBF728}.Release|x64.Build.0 = Release|x64
		{987C40F1-2188-4655-A027-496DCAFBF728}.Release|x86.ActiveCfg = Release|x86
		{987C40F1-2188-4655-A027-496DCAFBF728}.Release|x86.Build.0 = Release|x86
		{7F7F157B-70BC-47BE-A897-61E99CAD1710}.Debug|Any CPU.ActiveCfg = Debug|Any CPU
		{7F7F157B-70BC-47BE-A897-61E99CAD1710}.Debug|Any CPU.Build.0 = Debug|Any CPU
		{7F7F157B-70BC-47BE-A897-61E99CAD1710}.Debug|x64.ActiveCfg = Debug|x64
		{7F7F157B-70BC-47BE-A897-61E99CAD1710}.Debug|x64.Build.0 = Debug|x64
		{7F7F157B-70BC-47BE-A897-61E99CAD1710}.Debug|x86.ActiveCfg = Debug|x86
		{7F7F157B-70BC-47BE-A897-61E99CAD1710}.Debug|x86.Build.0 = Debug|x86
		{7F7F157B-70BC-47BE-A897-61E99CAD1710}.Release|Any CPU.ActiveCfg = Release|Any CPU
		{7F7F157B-70BC-47BE-A897-61E99CAD1710}.Release|Any CPU.Build.0 = Release|Any CPU
		{7F7F157B-70BC-47BE-A897-61E99CAD1710}.Release|x64.ActiveCfg = Release|x64
		{7F7F157B-70BC-47BE-A897-61E99CAD1710}.Release|x64.Build.0 = Release|x64
		{7F7F157B-70BC-47BE-A897-61E99CAD1710}.Release|x86.ActiveCfg = Release|x86
		{7F7F157B-70BC-47BE-A897-61E99CAD1710}.Release|x86.Build.0 = Release|x86
	EndGlobalSection
EndGlobal
